
Microsoft Visual Studio Solution File, Format Version 12.00
# Visual Studio Version 17
VisualStudioVersion = 17.1.32210.238
MinimumVisualStudioVersion = 10.0.40219.1
Project("{FAE04EC0-301F-11D3-BF4B-00C04F79EFBC}") = "Logic", "Logic\Logic.csproj", "{00BF09DD-718B-4D5C-800A-1C4D99F5C672}"
EndProject
Project("{FAE04EC0-301F-11D3-BF4B-00C04F79EFBC}") = "Tests", "Tests\Tests.csproj", "{2D43CD2C-B3EE-4ABA-97C1-A672A8EB6F0D}"
EndProject
Global
	GlobalSection(SolutionConfigurationPlatforms) = preSolution
		Debug|Any CPU = Debug|Any CPU
		Release|Any CPU = Release|Any CPU
	EndGlobalSection
	GlobalSection(ProjectConfigurationPlatforms) = postSolution
		{00BF09DD-718B-4D5C-800A-1C4D99F5C672}.Debug|Any CPU.ActiveCfg = Debug|Any CPU
		{00BF09DD-718B-4D5C-800A-1C4D99F5C672}.Debug|Any CPU.Build.0 = Debug|Any CPU
		{00BF09DD-718B-4D5C-800A-1C4D99F5C672}.Release|Any CPU.ActiveCfg = Release|Any CPU
		{00BF09DD-718B-4D5C-800A-1C4D99F5C672}.Release|Any CPU.Build.0 = Release|Any CPU
		{2D43CD2C-B3EE-4ABA-97C1-A672A8EB6F0D}.Debug|Any CPU.ActiveCfg = Debug|Any CPU
		{2D43CD2C-B3EE-4ABA-97C1-A672A8EB6F0D}.Debug|Any CPU.Build.0 = Debug|Any CPU
		{2D43CD2C-B3EE-4ABA-97C1-A672A8EB6F0D}.Release|Any CPU.ActiveCfg = Release|Any CPU
		{2D43CD2C-B3EE-4ABA-97C1-A672A8EB6F0D}.Release|Any CPU.Build.0 = Release|Any CPU
	EndGlobalSection
	GlobalSection(SolutionProperties) = preSolution
		HideSolutionNode = FALSE
	EndGlobalSection
	GlobalSection(ExtensibilityGlobals) = postSolution
		SolutionGuid = {7F6E3B8D-6274-4314-A88A-09B9BE0520CE}
	EndGlobalSection
EndGlobal
