
Microsoft Visual Studio Solution File, Format Version 12.00
# Visual Studio Version 17
VisualStudioVersion = 17.1.32210.238
MinimumVisualStudioVersion = 10.0.40219.1
Project("{9A19103F-16F7-4668-BE54-9A1E7A4F7556}") = "Logic", "Logic\Logic.csproj", "{00BF09DD-718B-4D5C-800A-1C4D99F5C672}"
EndProject
Project("{9A19103F-16F7-4668-BE54-9A1E7A4F7556}") = "LogicTests", "Tests\LogicTests.csproj", "{2D43CD2C-B3EE-4ABA-97C1-A672A8EB6F0D}"
EndProject
Project("{2150E333-8FDC-42A3-9474-1A3956D46DE8}") = "Presentation", "Presentation", "{D7A758A0-2E91-41B7-8301-38ED2F98712E}"
EndProject
Project("{9A19103F-16F7-4668-BE54-9A1E7A4F7556}") = "View", "View\View.csproj", "{10F8B3CA-440B-41EE-8D6A-F471D3991551}"
	ProjectSection(ProjectDependencies) = postProject
		{4788B56D-E410-4376-B8FC-340420BC9FD3} = {4788B56D-E410-4376-B8FC-340420BC9FD3}
	EndProjectSection
EndProject
Project("{9A19103F-16F7-4668-BE54-9A1E7A4F7556}") = "Model", "Model\Model.csproj", "{914099C1-E585-4CD5-9AE1-C6EA261F8AB7}"
EndProject
Project("{9A19103F-16F7-4668-BE54-9A1E7A4F7556}") = "ViewModel", "ViewModel\ViewModel.csproj", "{4788B56D-E410-4376-B8FC-340420BC9FD3}"
EndProject
Project("{9A19103F-16F7-4668-BE54-9A1E7A4F7556}") = "DataTests", "DataTests\DataTests.csproj", "{5C34D98C-1E7F-4E76-83C9-798357589448}"
EndProject
Project("{9A19103F-16F7-4668-BE54-9A1E7A4F7556}") = "ModelTests", "ModelTests\ModelTests.csproj", "{C2053AD3-C5C8-412B-A9C4-35EFCAB24B5F}"
EndProject
Project("{9A19103F-16F7-4668-BE54-9A1E7A4F7556}") = "ViewModelTests", "ViewModelTests\ViewModelTests.csproj", "{BD921880-5DE2-4B4E-AB82-0A35FCD13E53}"
EndProject
Project("{2150E333-8FDC-42A3-9474-1A3956D46DE8}") = "Tests", "Tests", "{D392772E-FC47-42E8-A9BA-C451D34B8615}"
EndProject
Project("{FAE04EC0-301F-11D3-BF4B-00C04F79EFBC}") = "Data", "Data\Data.csproj", "{1A6E05B4-DEA0-4B75-8BE9-460706F410E0}"
EndProject
Global
	GlobalSection(SolutionConfigurationPlatforms) = preSolution
		Debug|Any CPU = Debug|Any CPU
		Release|Any CPU = Release|Any CPU
	EndGlobalSection
	GlobalSection(ProjectConfigurationPlatforms) = postSolution
		{00BF09DD-718B-4D5C-800A-1C4D99F5C672}.Debug|Any CPU.ActiveCfg = Debug|Any CPU
		{00BF09DD-718B-4D5C-800A-1C4D99F5C672}.Debug|Any CPU.Build.0 = Debug|Any CPU
		{00BF09DD-718B-4D5C-800A-1C4D99F5C672}.Release|Any CPU.ActiveCfg = Release|Any CPU
		{00BF09DD-718B-4D5C-800A-1C4D99F5C672}.Release|Any CPU.Build.0 = Release|Any CPU
		{2D43CD2C-B3EE-4ABA-97C1-A672A8EB6F0D}.Debug|Any CPU.ActiveCfg = Debug|Any CPU
		{2D43CD2C-B3EE-4ABA-97C1-A672A8EB6F0D}.Debug|Any CPU.Build.0 = Debug|Any CPU
		{2D43CD2C-B3EE-4ABA-97C1-A672A8EB6F0D}.Release|Any CPU.ActiveCfg = Release|Any CPU
		{2D43CD2C-B3EE-4ABA-97C1-A672A8EB6F0D}.Release|Any CPU.Build.0 = Release|Any CPU
		{10F8B3CA-440B-41EE-8D6A-F471D3991551}.Debug|Any CPU.ActiveCfg = Debug|Any CPU
		{10F8B3CA-440B-41EE-8D6A-F471D3991551}.Debug|Any CPU.Build.0 = Debug|Any CPU
		{10F8B3CA-440B-41EE-8D6A-F471D3991551}.Release|Any CPU.ActiveCfg = Release|Any CPU
		{10F8B3CA-440B-41EE-8D6A-F471D3991551}.Release|Any CPU.Build.0 = Release|Any CPU
		{914099C1-E585-4CD5-9AE1-C6EA261F8AB7}.Debug|Any CPU.ActiveCfg = Debug|Any CPU
		{914099C1-E585-4CD5-9AE1-C6EA261F8AB7}.Debug|Any CPU.Build.0 = Debug|Any CPU
		{914099C1-E585-4CD5-9AE1-C6EA261F8AB7}.Release|Any CPU.ActiveCfg = Release|Any CPU
		{914099C1-E585-4CD5-9AE1-C6EA261F8AB7}.Release|Any CPU.Build.0 = Release|Any CPU
		{4788B56D-E410-4376-B8FC-340420BC9FD3}.Debug|Any CPU.ActiveCfg = Debug|Any CPU
		{4788B56D-E410-4376-B8FC-340420BC9FD3}.Debug|Any CPU.Build.0 = Debug|Any CPU
		{4788B56D-E410-4376-B8FC-340420BC9FD3}.Release|Any CPU.ActiveCfg = Release|Any CPU
		{4788B56D-E410-4376-B8FC-340420BC9FD3}.Release|Any CPU.Build.0 = Release|Any CPU
		{5C34D98C-1E7F-4E76-83C9-798357589448}.Debug|Any CPU.ActiveCfg = Debug|Any CPU
		{5C34D98C-1E7F-4E76-83C9-798357589448}.Debug|Any CPU.Build.0 = Debug|Any CPU
		{5C34D98C-1E7F-4E76-83C9-798357589448}.Release|Any CPU.ActiveCfg = Release|Any CPU
		{5C34D98C-1E7F-4E76-83C9-798357589448}.Release|Any CPU.Build.0 = Release|Any CPU
		{C2053AD3-C5C8-412B-A9C4-35EFCAB24B5F}.Debug|Any CPU.ActiveCfg = Debug|Any CPU
		{C2053AD3-C5C8-412B-A9C4-35EFCAB24B5F}.Debug|Any CPU.Build.0 = Debug|Any CPU
		{C2053AD3-C5C8-412B-A9C4-35EFCAB24B5F}.Release|Any CPU.ActiveCfg = Release|Any CPU
		{C2053AD3-C5C8-412B-A9C4-35EFCAB24B5F}.Release|Any CPU.Build.0 = Release|Any CPU
		{BD921880-5DE2-4B4E-AB82-0A35FCD13E53}.Debug|Any CPU.ActiveCfg = Debug|Any CPU
		{BD921880-5DE2-4B4E-AB82-0A35FCD13E53}.Debug|Any CPU.Build.0 = Debug|Any CPU
		{BD921880-5DE2-4B4E-AB82-0A35FCD13E53}.Release|Any CPU.ActiveCfg = Release|Any CPU
		{BD921880-5DE2-4B4E-AB82-0A35FCD13E53}.Release|Any CPU.Build.0 = Release|Any CPU
		{1A6E05B4-DEA0-4B75-8BE9-460706F410E0}.Debug|Any CPU.ActiveCfg = Debug|Any CPU
		{1A6E05B4-DEA0-4B75-8BE9-460706F410E0}.Debug|Any CPU.Build.0 = Debug|Any CPU
		{1A6E05B4-DEA0-4B75-8BE9-460706F410E0}.Release|Any CPU.ActiveCfg = Release|Any CPU
		{1A6E05B4-DEA0-4B75-8BE9-460706F410E0}.Release|Any CPU.Build.0 = Release|Any CPU
	EndGlobalSection
	GlobalSection(SolutionProperties) = preSolution
		HideSolutionNode = FALSE
	EndGlobalSection
	GlobalSection(NestedProjects) = preSolution
		{2D43CD2C-B3EE-4ABA-97C1-A672A8EB6F0D} = {D392772E-FC47-42E8-A9BA-C451D34B8615}
		{10F8B3CA-440B-41EE-8D6A-F471D3991551} = {D7A758A0-2E91-41B7-8301-38ED2F98712E}
		{914099C1-E585-4CD5-9AE1-C6EA261F8AB7} = {D7A758A0-2E91-41B7-8301-38ED2F98712E}
		{4788B56D-E410-4376-B8FC-340420BC9FD3} = {D7A758A0-2E91-41B7-8301-38ED2F98712E}
		{5C34D98C-1E7F-4E76-83C9-798357589448} = {D392772E-FC47-42E8-A9BA-C451D34B8615}
		{C2053AD3-C5C8-412B-A9C4-35EFCAB24B5F} = {D392772E-FC47-42E8-A9BA-C451D34B8615}
		{BD921880-5DE2-4B4E-AB82-0A35FCD13E53} = {D392772E-FC47-42E8-A9BA-C451D34B8615}
	EndGlobalSection
	GlobalSection(ExtensibilityGlobals) = postSolution
		SolutionGuid = {7F6E3B8D-6274-4314-A88A-09B9BE0520CE}
	EndGlobalSection
EndGlobal
